// !$*UTF8*$!
{
	archiveVersion = 1;
	classes = {
	};
	objectVersion = 50;
	objects = {

/* Begin PBXBuildFile section */
		A758C3D022DE5F5300E4599C /* AppCoordinator.swift in Sources */ = {isa = PBXBuildFile; fileRef = A758C3CF22DE5F5300E4599C /* AppCoordinator.swift */; };
		A758C3D222DE5F9200E4599C /* Coordinator.swift in Sources */ = {isa = PBXBuildFile; fileRef = A758C3D122DE5F9200E4599C /* Coordinator.swift */; };
		A758C3D522DE606300E4599C /* Router.swift in Sources */ = {isa = PBXBuildFile; fileRef = A758C3D422DE606300E4599C /* Router.swift */; };
		A758C3D722DE612E00E4599C /* RouterImp.swift in Sources */ = {isa = PBXBuildFile; fileRef = A758C3D622DE612E00E4599C /* RouterImp.swift */; };
		A758C3D922DE673E00E4599C /* FeedViewController.swift in Sources */ = {isa = PBXBuildFile; fileRef = A758C3D822DE673E00E4599C /* FeedViewController.swift */; };
		A758C3DB22DE6C8000E4599C /* Main.storyboard in Resources */ = {isa = PBXBuildFile; fileRef = A758C3DA22DE6C8000E4599C /* Main.storyboard */; };
		A758C3DE22DE6D8400E4599C /* FeedCell.swift in Sources */ = {isa = PBXBuildFile; fileRef = A758C3DC22DE6D8400E4599C /* FeedCell.swift */; };
		A758C3DF22DE6D8400E4599C /* FeedCell.xib in Resources */ = {isa = PBXBuildFile; fileRef = A758C3DD22DE6D8400E4599C /* FeedCell.xib */; };
		A758C3E322DE755700E4599C /* Loudable.swift in Sources */ = {isa = PBXBuildFile; fileRef = A758C3E222DE755700E4599C /* Loudable.swift */; };
		A758C3E522DE78CF00E4599C /* CollectionCell+Registrable.swift in Sources */ = {isa = PBXBuildFile; fileRef = A758C3E422DE78CF00E4599C /* CollectionCell+Registrable.swift */; };
		A758C3E822DE7D2800E4599C /* Reusable.swift in Sources */ = {isa = PBXBuildFile; fileRef = A758C3E722DE7D2800E4599C /* Reusable.swift */; };
		A7E2E48122DE04EF003207AC /* AppDelegate.swift in Sources */ = {isa = PBXBuildFile; fileRef = A7E2E48022DE04EF003207AC /* AppDelegate.swift */; };
		A7E2E48822DE04F1003207AC /* Assets.xcassets in Resources */ = {isa = PBXBuildFile; fileRef = A7E2E48722DE04F1003207AC /* Assets.xcassets */; };
		A7E2E48B22DE04F1003207AC /* LaunchScreen.storyboard in Resources */ = {isa = PBXBuildFile; fileRef = A7E2E48922DE04F1003207AC /* LaunchScreen.storyboard */; };
		A7E2E49622DE04F1003207AC /* StellerExampleTests.swift in Sources */ = {isa = PBXBuildFile; fileRef = A7E2E49522DE04F1003207AC /* StellerExampleTests.swift */; };
		A7E2E4A122DE04F1003207AC /* StellerExampleUITests.swift in Sources */ = {isa = PBXBuildFile; fileRef = A7E2E4A022DE04F1003207AC /* StellerExampleUITests.swift */; };
/* End PBXBuildFile section */

/* Begin PBXContainerItemProxy section */
		A7E2E49222DE04F1003207AC /* PBXContainerItemProxy */ = {
			isa = PBXContainerItemProxy;
			containerPortal = A7E2E47522DE04EF003207AC /* Project object */;
			proxyType = 1;
			remoteGlobalIDString = A7E2E47C22DE04EF003207AC;
			remoteInfo = StellerExample;
		};
		A7E2E49D22DE04F1003207AC /* PBXContainerItemProxy */ = {
			isa = PBXContainerItemProxy;
			containerPortal = A7E2E47522DE04EF003207AC /* Project object */;
			proxyType = 1;
			remoteGlobalIDString = A7E2E47C22DE04EF003207AC;
			remoteInfo = StellerExample;
		};
/* End PBXContainerItemProxy section */

/* Begin PBXFileReference section */
		A758C3CF22DE5F5300E4599C /* AppCoordinator.swift */ = {isa = PBXFileReference; lastKnownFileType = sourcecode.swift; path = AppCoordinator.swift; sourceTree = "<group>"; };
		A758C3D122DE5F9200E4599C /* Coordinator.swift */ = {isa = PBXFileReference; lastKnownFileType = sourcecode.swift; path = Coordinator.swift; sourceTree = "<group>"; };
		A758C3D422DE606300E4599C /* Router.swift */ = {isa = PBXFileReference; lastKnownFileType = sourcecode.swift; path = Router.swift; sourceTree = "<group>"; };
		A758C3D622DE612E00E4599C /* RouterImp.swift */ = {isa = PBXFileReference; lastKnownFileType = sourcecode.swift; path = RouterImp.swift; sourceTree = "<group>"; };
		A758C3D822DE673E00E4599C /* FeedViewController.swift */ = {isa = PBXFileReference; lastKnownFileType = sourcecode.swift; path = FeedViewController.swift; sourceTree = "<group>"; };
		A758C3DA22DE6C8000E4599C /* Main.storyboard */ = {isa = PBXFileReference; fileEncoding = 4; lastKnownFileType = file.storyboard; path = Main.storyboard; sourceTree = "<group>"; };
		A758C3DC22DE6D8400E4599C /* FeedCell.swift */ = {isa = PBXFileReference; lastKnownFileType = sourcecode.swift; path = FeedCell.swift; sourceTree = "<group>"; };
		A758C3DD22DE6D8400E4599C /* FeedCell.xib */ = {isa = PBXFileReference; lastKnownFileType = file.xib; path = FeedCell.xib; sourceTree = "<group>"; };
		A758C3E222DE755700E4599C /* Loudable.swift */ = {isa = PBXFileReference; lastKnownFileType = sourcecode.swift; path = Loudable.swift; sourceTree = "<group>"; };
		A758C3E422DE78CF00E4599C /* CollectionCell+Registrable.swift */ = {isa = PBXFileReference; lastKnownFileType = sourcecode.swift; name = "CollectionCell+Registrable.swift"; path = "StellerExample/Extensions/CollectionCell+Registrable.swift"; sourceTree = SOURCE_ROOT; };
		A758C3E722DE7D2800E4599C /* Reusable.swift */ = {isa = PBXFileReference; lastKnownFileType = sourcecode.swift; path = Reusable.swift; sourceTree = "<group>"; };
		A7E2E47D22DE04EF003207AC /* StellerExample.app */ = {isa = PBXFileReference; explicitFileType = wrapper.application; includeInIndex = 0; path = StellerExample.app; sourceTree = BUILT_PRODUCTS_DIR; };
		A7E2E48022DE04EF003207AC /* AppDelegate.swift */ = {isa = PBXFileReference; lastKnownFileType = sourcecode.swift; path = AppDelegate.swift; sourceTree = "<group>"; };
		A7E2E48722DE04F1003207AC /* Assets.xcassets */ = {isa = PBXFileReference; lastKnownFileType = folder.assetcatalog; path = Assets.xcassets; sourceTree = "<group>"; };
		A7E2E48A22DE04F1003207AC /* Base */ = {isa = PBXFileReference; lastKnownFileType = file.storyboard; name = Base; path = Base.lproj/LaunchScreen.storyboard; sourceTree = "<group>"; };
		A7E2E48C22DE04F1003207AC /* Info.plist */ = {isa = PBXFileReference; lastKnownFileType = text.plist.xml; path = Info.plist; sourceTree = "<group>"; };
		A7E2E49122DE04F1003207AC /* StellerExampleTests.xctest */ = {isa = PBXFileReference; explicitFileType = wrapper.cfbundle; includeInIndex = 0; path = StellerExampleTests.xctest; sourceTree = BUILT_PRODUCTS_DIR; };
		A7E2E49522DE04F1003207AC /* StellerExampleTests.swift */ = {isa = PBXFileReference; lastKnownFileType = sourcecode.swift; path = StellerExampleTests.swift; sourceTree = "<group>"; };
		A7E2E49722DE04F1003207AC /* Info.plist */ = {isa = PBXFileReference; lastKnownFileType = text.plist.xml; path = Info.plist; sourceTree = "<group>"; };
		A7E2E49C22DE04F1003207AC /* StellerExampleUITests.xctest */ = {isa = PBXFileReference; explicitFileType = wrapper.cfbundle; includeInIndex = 0; path = StellerExampleUITests.xctest; sourceTree = BUILT_PRODUCTS_DIR; };
		A7E2E4A022DE04F1003207AC /* StellerExampleUITests.swift */ = {isa = PBXFileReference; lastKnownFileType = sourcecode.swift; path = StellerExampleUITests.swift; sourceTree = "<group>"; };
		A7E2E4A222DE04F1003207AC /* Info.plist */ = {isa = PBXFileReference; lastKnownFileType = text.plist.xml; path = Info.plist; sourceTree = "<group>"; };
/* End PBXFileReference section */

/* Begin PBXFrameworksBuildPhase section */
		A7E2E47A22DE04EF003207AC /* Frameworks */ = {
			isa = PBXFrameworksBuildPhase;
			buildActionMask = 2147483647;
			files = (
			);
			runOnlyForDeploymentPostprocessing = 0;
		};
		A7E2E48E22DE04F1003207AC /* Frameworks */ = {
			isa = PBXFrameworksBuildPhase;
			buildActionMask = 2147483647;
			files = (
			);
			runOnlyForDeploymentPostprocessing = 0;
		};
		A7E2E49922DE04F1003207AC /* Frameworks */ = {
			isa = PBXFrameworksBuildPhase;
			buildActionMask = 2147483647;
			files = (
			);
			runOnlyForDeploymentPostprocessing = 0;
		};
/* End PBXFrameworksBuildPhase section */

/* Begin PBXGroup section */
		A758C3CC22DE5EAB00E4599C /* Screens */ = {
			isa = PBXGroup;
			children = (
				A758C3CE22DE5F0A00E4599C /* Feed */,
			);
			path = Screens;
			sourceTree = "<group>";
		};
		A758C3CD22DE5EFC00E4599C /* Coordinators */ = {
			isa = PBXGroup;
			children = (
				A758C3D122DE5F9200E4599C /* Coordinator.swift */,
				A758C3CF22DE5F5300E4599C /* AppCoordinator.swift */,
			);
			path = Coordinators;
			sourceTree = "<group>";
		};
		A758C3CE22DE5F0A00E4599C /* Feed */ = {
			isa = PBXGroup;
			children = (
				A758C3D822DE673E00E4599C /* FeedViewController.swift */,
				A758C3DC22DE6D8400E4599C /* FeedCell.swift */,
				A758C3DD22DE6D8400E4599C /* FeedCell.xib */,
			);
			path = Feed;
			sourceTree = "<group>";
		};
		A758C3D322DE604F00E4599C /* Router */ = {
			isa = PBXGroup;
			children = (
				A758C3D422DE606300E4599C /* Router.swift */,
				A758C3D622DE612E00E4599C /* RouterImp.swift */,
			);
			path = Router;
			sourceTree = "<group>";
		};
		A758C3E122DE750500E4599C /* Protocols */ = {
			isa = PBXGroup;
			children = (
				A758C3E222DE755700E4599C /* Loudable.swift */,
				A758C3E722DE7D2800E4599C /* Reusable.swift */,
			);
			path = Protocols;
			sourceTree = "<group>";
		};
		A758C3E622DE7BC100E4599C /* Extensions */ = {
			isa = PBXGroup;
			children = (
				A758C3E422DE78CF00E4599C /* CollectionCell+Registrable.swift */,
			);
			path = Extensions;
			sourceTree = "<group>";
		};
		A7E2E47422DE04EF003207AC = {
			isa = PBXGroup;
			children = (
				A7E2E47F22DE04EF003207AC /* StellerExample */,
				A7E2E49422DE04F1003207AC /* StellerExampleTests */,
				A7E2E49F22DE04F1003207AC /* StellerExampleUITests */,
				A7E2E47E22DE04EF003207AC /* Products */,
			);
			sourceTree = "<group>";
		};
		A7E2E47E22DE04EF003207AC /* Products */ = {
			isa = PBXGroup;
			children = (
				A7E2E47D22DE04EF003207AC /* StellerExample.app */,
				A7E2E49122DE04F1003207AC /* StellerExampleTests.xctest */,
				A7E2E49C22DE04F1003207AC /* StellerExampleUITests.xctest */,
			);
			name = Products;
			sourceTree = "<group>";
		};
		A7E2E47F22DE04EF003207AC /* StellerExample */ = {
			isa = PBXGroup;
			children = (
				A758C3E622DE7BC100E4599C /* Extensions */,
				A758C3E122DE750500E4599C /* Protocols */,
				A758C3D322DE604F00E4599C /* Router */,
				A758C3CD22DE5EFC00E4599C /* Coordinators */,
				A758C3CC22DE5EAB00E4599C /* Screens */,
				A7E2E48022DE04EF003207AC /* AppDelegate.swift */,
				A7E2E48722DE04F1003207AC /* Assets.xcassets */,
				A758C3DA22DE6C8000E4599C /* Main.storyboard */,
				A7E2E48922DE04F1003207AC /* LaunchScreen.storyboard */,
				A7E2E48C22DE04F1003207AC /* Info.plist */,
			);
			path = StellerExample;
			sourceTree = "<group>";
		};
		A7E2E49422DE04F1003207AC /* StellerExampleTests */ = {
			isa = PBXGroup;
			children = (
				A7E2E49522DE04F1003207AC /* StellerExampleTests.swift */,
				A7E2E49722DE04F1003207AC /* Info.plist */,
			);
			path = StellerExampleTests;
			sourceTree = "<group>";
		};
		A7E2E49F22DE04F1003207AC /* StellerExampleUITests */ = {
			isa = PBXGroup;
			children = (
				A7E2E4A022DE04F1003207AC /* StellerExampleUITests.swift */,
				A7E2E4A222DE04F1003207AC /* Info.plist */,
			);
			path = StellerExampleUITests;
			sourceTree = "<group>";
		};
/* End PBXGroup section */

/* Begin PBXNativeTarget section */
		A7E2E47C22DE04EF003207AC /* StellerExample */ = {
			isa = PBXNativeTarget;
			buildConfigurationList = A7E2E4A522DE04F1003207AC /* Build configuration list for PBXNativeTarget "StellerExample" */;
			buildPhases = (
				A7E2E47922DE04EF003207AC /* Sources */,
				A7E2E47A22DE04EF003207AC /* Frameworks */,
				A7E2E47B22DE04EF003207AC /* Resources */,
			);
			buildRules = (
			);
			dependencies = (
			);
			name = StellerExample;
			productName = StellerExample;
			productReference = A7E2E47D22DE04EF003207AC /* StellerExample.app */;
			productType = "com.apple.product-type.application";
		};
		A7E2E49022DE04F1003207AC /* StellerExampleTests */ = {
			isa = PBXNativeTarget;
			buildConfigurationList = A7E2E4A822DE04F1003207AC /* Build configuration list for PBXNativeTarget "StellerExampleTests" */;
			buildPhases = (
				A7E2E48D22DE04F1003207AC /* Sources */,
				A7E2E48E22DE04F1003207AC /* Frameworks */,
				A7E2E48F22DE04F1003207AC /* Resources */,
			);
			buildRules = (
			);
			dependencies = (
				A7E2E49322DE04F1003207AC /* PBXTargetDependency */,
			);
			name = StellerExampleTests;
			productName = StellerExampleTests;
			productReference = A7E2E49122DE04F1003207AC /* StellerExampleTests.xctest */;
			productType = "com.apple.product-type.bundle.unit-test";
		};
		A7E2E49B22DE04F1003207AC /* StellerExampleUITests */ = {
			isa = PBXNativeTarget;
			buildConfigurationList = A7E2E4AB22DE04F1003207AC /* Build configuration list for PBXNativeTarget "StellerExampleUITests" */;
			buildPhases = (
				A7E2E49822DE04F1003207AC /* Sources */,
				A7E2E49922DE04F1003207AC /* Frameworks */,
				A7E2E49A22DE04F1003207AC /* Resources */,
			);
			buildRules = (
			);
			dependencies = (
				A7E2E49E22DE04F1003207AC /* PBXTargetDependency */,
			);
			name = StellerExampleUITests;
			productName = StellerExampleUITests;
			productReference = A7E2E49C22DE04F1003207AC /* StellerExampleUITests.xctest */;
			productType = "com.apple.product-type.bundle.ui-testing";
		};
/* End PBXNativeTarget section */

/* Begin PBXProject section */
		A7E2E47522DE04EF003207AC /* Project object */ = {
			isa = PBXProject;
			attributes = {
				LastSwiftUpdateCheck = 1020;
				LastUpgradeCheck = 1020;
				ORGANIZATIONNAME = "Jakub Dohnal";
				TargetAttributes = {
					A7E2E47C22DE04EF003207AC = {
						CreatedOnToolsVersion = 10.2.1;
					};
					A7E2E49022DE04F1003207AC = {
						CreatedOnToolsVersion = 10.2.1;
						TestTargetID = A7E2E47C22DE04EF003207AC;
					};
					A7E2E49B22DE04F1003207AC = {
						CreatedOnToolsVersion = 10.2.1;
						TestTargetID = A7E2E47C22DE04EF003207AC;
					};
				};
			};
			buildConfigurationList = A7E2E47822DE04EF003207AC /* Build configuration list for PBXProject "StellerExample" */;
			compatibilityVersion = "Xcode 9.3";
			developmentRegion = en;
			hasScannedForEncodings = 0;
			knownRegions = (
				en,
				Base,
			);
			mainGroup = A7E2E47422DE04EF003207AC;
			productRefGroup = A7E2E47E22DE04EF003207AC /* Products */;
			projectDirPath = "";
			projectRoot = "";
			targets = (
				A7E2E47C22DE04EF003207AC /* StellerExample */,
				A7E2E49022DE04F1003207AC /* StellerExampleTests */,
				A7E2E49B22DE04F1003207AC /* StellerExampleUITests */,
			);
		};
/* End PBXProject section */

/* Begin PBXResourcesBuildPhase section */
		A7E2E47B22DE04EF003207AC /* Resources */ = {
			isa = PBXResourcesBuildPhase;
			buildActionMask = 2147483647;
			files = (
				A758C3DB22DE6C8000E4599C /* Main.storyboard in Resources */,
				A758C3DF22DE6D8400E4599C /* FeedCell.xib in Resources */,
				A7E2E48B22DE04F1003207AC /* LaunchScreen.storyboard in Resources */,
				A7E2E48822DE04F1003207AC /* Assets.xcassets in Resources */,
			);
			runOnlyForDeploymentPostprocessing = 0;
		};
		A7E2E48F22DE04F1003207AC /* Resources */ = {
			isa = PBXResourcesBuildPhase;
			buildActionMask = 2147483647;
			files = (
			);
			runOnlyForDeploymentPostprocessing = 0;
		};
		A7E2E49A22DE04F1003207AC /* Resources */ = {
			isa = PBXResourcesBuildPhase;
			buildActionMask = 2147483647;
			files = (
			);
			runOnlyForDeploymentPostprocessing = 0;
		};
/* End PBXResourcesBuildPhase section */

/* Begin PBXSourcesBuildPhase section */
		A7E2E47922DE04EF003207AC /* Sources */ = {
			isa = PBXSourcesBuildPhase;
			buildActionMask = 2147483647;
			files = (
				A758C3DE22DE6D8400E4599C /* FeedCell.swift in Sources */,
				A758C3D222DE5F9200E4599C /* Coordinator.swift in Sources */,
				A758C3D022DE5F5300E4599C /* AppCoordinator.swift in Sources */,
				A758C3D522DE606300E4599C /* Router.swift in Sources */,
				A758C3E822DE7D2800E4599C /* Reusable.swift in Sources */,
				A758C3E322DE755700E4599C /* Loudable.swift in Sources */,
				A758C3D722DE612E00E4599C /* RouterImp.swift in Sources */,
				A758C3D922DE673E00E4599C /* FeedViewController.swift in Sources */,
				A758C3E522DE78CF00E4599C /* CollectionCell+Registrable.swift in Sources */,
				A7E2E48122DE04EF003207AC /* AppDelegate.swift in Sources */,
			);
			runOnlyForDeploymentPostprocessing = 0;
		};
		A7E2E48D22DE04F1003207AC /* Sources */ = {
			isa = PBXSourcesBuildPhase;
			buildActionMask = 2147483647;
			files = (
				A7E2E49622DE04F1003207AC /* StellerExampleTests.swift in Sources */,
			);
			runOnlyForDeploymentPostprocessing = 0;
		};
		A7E2E49822DE04F1003207AC /* Sources */ = {
			isa = PBXSourcesBuildPhase;
			buildActionMask = 2147483647;
			files = (
				A7E2E4A122DE04F1003207AC /* StellerExampleUITests.swift in Sources */,
			);
			runOnlyForDeploymentPostprocessing = 0;
		};
/* End PBXSourcesBuildPhase section */

/* Begin PBXTargetDependency section */
		A7E2E49322DE04F1003207AC /* PBXTargetDependency */ = {
			isa = PBXTargetDependency;
			target = A7E2E47C22DE04EF003207AC /* StellerExample */;
			targetProxy = A7E2E49222DE04F1003207AC /* PBXContainerItemProxy */;
		};
		A7E2E49E22DE04F1003207AC /* PBXTargetDependency */ = {
			isa = PBXTargetDependency;
			target = A7E2E47C22DE04EF003207AC /* StellerExample */;
			targetProxy = A7E2E49D22DE04F1003207AC /* PBXContainerItemProxy */;
		};
/* End PBXTargetDependency section */

/* Begin PBXVariantGroup section */
		A7E2E48922DE04F1003207AC /* LaunchScreen.storyboard */ = {
			isa = PBXVariantGroup;
			children = (
				A7E2E48A22DE04F1003207AC /* Base */,
			);
			name = LaunchScreen.storyboard;
			sourceTree = "<group>";
		};
/* End PBXVariantGroup section */

/* Begin XCBuildConfiguration section */
		A7E2E4A322DE04F1003207AC /* Debug */ = {
			isa = XCBuildConfiguration;
			buildSettings = {
				ALWAYS_SEARCH_USER_PATHS = NO;
				CLANG_ANALYZER_NONNULL = YES;
				CLANG_ANALYZER_NUMBER_OBJECT_CONVERSION = YES_AGGRESSIVE;
				CLANG_CXX_LANGUAGE_STANDARD = "gnu++14";
				CLANG_CXX_LIBRARY = "libc++";
				CLANG_ENABLE_MODULES = YES;
				CLANG_ENABLE_OBJC_ARC = YES;
				CLANG_ENABLE_OBJC_WEAK = YES;
				CLANG_WARN_BLOCK_CAPTURE_AUTORELEASING = YES;
				CLANG_WARN_BOOL_CONVERSION = YES;
				CLANG_WARN_COMMA = YES;
				CLANG_WARN_CONSTANT_CONVERSION = YES;
				CLANG_WARN_DEPRECATED_OBJC_IMPLEMENTATIONS = YES;
				CLANG_WARN_DIRECT_OBJC_ISA_USAGE = YES_ERROR;
				CLANG_WARN_DOCUMENTATION_COMMENTS = YES;
				CLANG_WARN_EMPTY_BODY = YES;
				CLANG_WARN_ENUM_CONVERSION = YES;
				CLANG_WARN_INFINITE_RECURSION = YES;
				CLANG_WARN_INT_CONVERSION = YES;
				CLANG_WARN_NON_LITERAL_NULL_CONVERSION = YES;
				CLANG_WARN_OBJC_IMPLICIT_RETAIN_SELF = YES;
				CLANG_WARN_OBJC_LITERAL_CONVERSION = YES;
				CLANG_WARN_OBJC_ROOT_CLASS = YES_ERROR;
				CLANG_WARN_RANGE_LOOP_ANALYSIS = YES;
				CLANG_WARN_STRICT_PROTOTYPES = YES;
				CLANG_WARN_SUSPICIOUS_MOVE = YES;
				CLANG_WARN_UNGUARDED_AVAILABILITY = YES_AGGRESSIVE;
				CLANG_WARN_UNREACHABLE_CODE = YES;
				CLANG_WARN__DUPLICATE_METHOD_MATCH = YES;
				CODE_SIGN_IDENTITY = "iPhone Developer";
				COPY_PHASE_STRIP = NO;
				DEBUG_INFORMATION_FORMAT = dwarf;
				ENABLE_STRICT_OBJC_MSGSEND = YES;
				ENABLE_TESTABILITY = YES;
				GCC_C_LANGUAGE_STANDARD = gnu11;
				GCC_DYNAMIC_NO_PIC = NO;
				GCC_NO_COMMON_BLOCKS = YES;
				GCC_OPTIMIZATION_LEVEL = 0;
				GCC_PREPROCESSOR_DEFINITIONS = (
					"DEBUG=1",
					"$(inherited)",
				);
				GCC_WARN_64_TO_32_BIT_CONVERSION = YES;
				GCC_WARN_ABOUT_RETURN_TYPE = YES_ERROR;
				GCC_WARN_UNDECLARED_SELECTOR = YES;
				GCC_WARN_UNINITIALIZED_AUTOS = YES_AGGRESSIVE;
				GCC_WARN_UNUSED_FUNCTION = YES;
				GCC_WARN_UNUSED_VARIABLE = YES;
				IPHONEOS_DEPLOYMENT_TARGET = 12.2;
				MTL_ENABLE_DEBUG_INFO = INCLUDE_SOURCE;
				MTL_FAST_MATH = YES;
				ONLY_ACTIVE_ARCH = YES;
				SDKROOT = iphoneos;
				SWIFT_ACTIVE_COMPILATION_CONDITIONS = DEBUG;
				SWIFT_OPTIMIZATION_LEVEL = "-Onone";
			};
			name = Debug;
		};
		A7E2E4A422DE04F1003207AC /* Release */ = {
			isa = XCBuildConfiguration;
			buildSettings = {
				ALWAYS_SEARCH_USER_PATHS = NO;
				CLANG_ANALYZER_NONNULL = YES;
				CLANG_ANALYZER_NUMBER_OBJECT_CONVERSION = YES_AGGRESSIVE;
				CLANG_CXX_LANGUAGE_STANDARD = "gnu++14";
				CLANG_CXX_LIBRARY = "libc++";
				CLANG_ENABLE_MODULES = YES;
				CLANG_ENABLE_OBJC_ARC = YES;
				CLANG_ENABLE_OBJC_WEAK = YES;
				CLANG_WARN_BLOCK_CAPTURE_AUTORELEASING = YES;
				CLANG_WARN_BOOL_CONVERSION = YES;
				CLANG_WARN_COMMA = YES;
				CLANG_WARN_CONSTANT_CONVERSION = YES;
				CLANG_WARN_DEPRECATED_OBJC_IMPLEMENTATIONS = YES;
				CLANG_WARN_DIRECT_OBJC_ISA_USAGE = YES_ERROR;
				CLANG_WARN_DOCUMENTATION_COMMENTS = YES;
				CLANG_WARN_EMPTY_BODY = YES;
				CLANG_WARN_ENUM_CONVERSION = YES;
				CLANG_WARN_INFINITE_RECURSION = YES;
				CLANG_WARN_INT_CONVERSION = YES;
				CLANG_WARN_NON_LITERAL_NULL_CONVERSION = YES;
				CLANG_WARN_OBJC_IMPLICIT_RETAIN_SELF = YES;
				CLANG_WARN_OBJC_LITERAL_CONVERSION = YES;
				CLANG_WARN_OBJC_ROOT_CLASS = YES_ERROR;
				CLANG_WARN_RANGE_LOOP_ANALYSIS = YES;
				CLANG_WARN_STRICT_PROTOTYPES = YES;
				CLANG_WARN_SUSPICIOUS_MOVE = YES;
				CLANG_WARN_UNGUARDED_AVAILABILITY = YES_AGGRESSIVE;
				CLANG_WARN_UNREACHABLE_CODE = YES;
				CLANG_WARN__DUPLICATE_METHOD_MATCH = YES;
				CODE_SIGN_IDENTITY = "iPhone Developer";
				COPY_PHASE_STRIP = NO;
				DEBUG_INFORMATION_FORMAT = "dwarf-with-dsym";
				ENABLE_NS_ASSERTIONS = NO;
				ENABLE_STRICT_OBJC_MSGSEND = YES;
				GCC_C_LANGUAGE_STANDARD = gnu11;
				GCC_NO_COMMON_BLOCKS = YES;
				GCC_WARN_64_TO_32_BIT_CONVERSION = YES;
				GCC_WARN_ABOUT_RETURN_TYPE = YES_ERROR;
				GCC_WARN_UNDECLARED_SELECTOR = YES;
				GCC_WARN_UNINITIALIZED_AUTOS = YES_AGGRESSIVE;
				GCC_WARN_UNUSED_FUNCTION = YES;
				GCC_WARN_UNUSED_VARIABLE = YES;
				IPHONEOS_DEPLOYMENT_TARGET = 12.2;
				MTL_ENABLE_DEBUG_INFO = NO;
				MTL_FAST_MATH = YES;
				SDKROOT = iphoneos;
				SWIFT_COMPILATION_MODE = wholemodule;
				SWIFT_OPTIMIZATION_LEVEL = "-O";
				VALIDATE_PRODUCT = YES;
			};
			name = Release;
		};
		A7E2E4A622DE04F1003207AC /* Debug */ = {
			isa = XCBuildConfiguration;
			buildSettings = {
				ASSETCATALOG_COMPILER_APPICON_NAME = AppIcon;
				CODE_SIGN_STYLE = Automatic;
				INFOPLIST_FILE = StellerExample/Info.plist;
				LD_RUNPATH_SEARCH_PATHS = (
					"$(inherited)",
					"@executable_path/Frameworks",
				);
				PRODUCT_BUNDLE_IDENTIFIER = com.jakub.dohnal.StellerExample;
				PRODUCT_NAME = "$(TARGET_NAME)";
				SWIFT_VERSION = 5.0;
				TARGETED_DEVICE_FAMILY = 1;
			};
			name = Debug;
		};
		A7E2E4A722DE04F1003207AC /* Release */ = {
			isa = XCBuildConfiguration;
			buildSettings = {
				ASSETCATALOG_COMPILER_APPICON_NAME = AppIcon;
				CODE_SIGN_STYLE = Automatic;
				INFOPLIST_FILE = StellerExample/Info.plist;
				LD_RUNPATH_SEARCH_PATHS = (
					"$(inherited)",
					"@executable_path/Frameworks",
				);
				PRODUCT_BUNDLE_IDENTIFIER = com.jakub.dohnal.StellerExample;
				PRODUCT_NAME = "$(TARGET_NAME)";
				SWIFT_VERSION = 5.0;
				TARGETED_DEVICE_FAMILY = 1;
			};
			name = Release;
		};
		A7E2E4A922DE04F1003207AC /* Debug */ = {
			isa = XCBuildConfiguration;
			buildSettings = {
				ALWAYS_EMBED_SWIFT_STANDARD_LIBRARIES = YES;
				BUNDLE_LOADER = "$(TEST_HOST)";
				CODE_SIGN_STYLE = Automatic;
				INFOPLIST_FILE = StellerExampleTests/Info.plist;
				LD_RUNPATH_SEARCH_PATHS = (
					"$(inherited)",
					"@executable_path/Frameworks",
					"@loader_path/Frameworks",
				);
				PRODUCT_BUNDLE_IDENTIFIER = com.jakub.dohnal.StellerExampleTests;
				PRODUCT_NAME = "$(TARGET_NAME)";
				SWIFT_VERSION = 5.0;
				TARGETED_DEVICE_FAMILY = "1,2";
				TEST_HOST = "$(BUILT_PRODUCTS_DIR)/StellerExample.app/StellerExample";
			};
			name = Debug;
		};
		A7E2E4AA22DE04F1003207AC /* Release */ = {
			isa = XCBuildConfiguration;
			buildSettings = {
				ALWAYS_EMBED_SWIFT_STANDARD_LIBRARIES = YES;
				BUNDLE_LOADER = "$(TEST_HOST)";
				CODE_SIGN_STYLE = Automatic;
				INFOPLIST_FILE = StellerExampleTests/Info.plist;
				LD_RUNPATH_SEARCH_PATHS = (
					"$(inherited)",
					"@executable_path/Frameworks",
					"@loader_path/Frameworks",
				);
				PRODUCT_BUNDLE_IDENTIFIER = com.jakub.dohnal.StellerExampleTests;
				PRODUCT_NAME = "$(TARGET_NAME)";
				SWIFT_VERSION = 5.0;
				TARGETED_DEVICE_FAMILY = "1,2";
				TEST_HOST = "$(BUILT_PRODUCTS_DIR)/StellerExample.app/StellerExample";
			};
			name = Release;
		};
		A7E2E4AC22DE04F1003207AC /* Debug */ = {
			isa = XCBuildConfiguration;
			buildSettings = {
				ALWAYS_EMBED_SWIFT_STANDARD_LIBRARIES = YES;
				CODE_SIGN_STYLE = Automatic;
				INFOPLIST_FILE = StellerExampleUITests/Info.plist;
				LD_RUNPATH_SEARCH_PATHS = (
					"$(inherited)",
					"@executable_path/Frameworks",
					"@loader_path/Frameworks",
				);
				PRODUCT_BUNDLE_IDENTIFIER = com.jakub.dohnal.StellerExampleUITests;
				PRODUCT_NAME = "$(TARGET_NAME)";
				SWIFT_VERSION = 5.0;
				TARGETED_DEVICE_FAMILY = "1,2";
				TEST_TARGET_NAME = StellerExample;
			};
			name = Debug;
		};
		A7E2E4AD22DE04F1003207AC /* Release */ = {
			isa = XCBuildConfiguration;
			buildSettings = {
				ALWAYS_EMBED_SWIFT_STANDARD_LIBRARIES = YES;
				CODE_SIGN_STYLE = Automatic;
				INFOPLIST_FILE = StellerExampleUITests/Info.plist;
				LD_RUNPATH_SEARCH_PATHS = (
					"$(inherited)",
					"@executable_path/Frameworks",
					"@loader_path/Frameworks",
				);
				PRODUCT_BUNDLE_IDENTIFIER = com.jakub.dohnal.StellerExampleUITests;
				PRODUCT_NAME = "$(TARGET_NAME)";
				SWIFT_VERSION = 5.0;
				TARGETED_DEVICE_FAMILY = "1,2";
				TEST_TARGET_NAME = StellerExample;
			};
			name = Release;
		};
/* End XCBuildConfiguration section */

/* Begin XCConfigurationList section */
		A7E2E47822DE04EF003207AC /* Build configuration list for PBXProject "StellerExample" */ = {
			isa = XCConfigurationList;
			buildConfigurations = (
				A7E2E4A322DE04F1003207AC /* Debug */,
				A7E2E4A422DE04F1003207AC /* Release */,
			);
			defaultConfigurationIsVisible = 0;
			defaultConfigurationName = Release;
		};
		A7E2E4A522DE04F1003207AC /* Build configuration list for PBXNativeTarget "StellerExample" */ = {
			isa = XCConfigurationList;
			buildConfigurations = (
				A7E2E4A622DE04F1003207AC /* Debug */,
				A7E2E4A722DE04F1003207AC /* Release */,
			);
			defaultConfigurationIsVisible = 0;
			defaultConfigurationName = Release;
		};
		A7E2E4A822DE04F1003207AC /* Build configuration list for PBXNativeTarget "StellerExampleTests" */ = {
			isa = XCConfigurationList;
			buildConfigurations = (
				A7E2E4A922DE04F1003207AC /* Debug */,
				A7E2E4AA22DE04F1003207AC /* Release */,
			);
			defaultConfigurationIsVisible = 0;
			defaultConfigurationName = Release;
		};
		A7E2E4AB22DE04F1003207AC /* Build configuration list for PBXNativeTarget "StellerExampleUITests" */ = {
			isa = XCConfigurationList;
			buildConfigurations = (
				A7E2E4AC22DE04F1003207AC /* Debug */,
				A7E2E4AD22DE04F1003207AC /* Release */,
			);
			defaultConfigurationIsVisible = 0;
			defaultConfigurationName = Release;
		};
/* End XCConfigurationList section */
	};
	rootObject = A7E2E47522DE04EF003207AC /* Project object */;
}
